Microsoft Visual Studio Solution File, Format Version 12.00
# Visual Studio 15
VisualStudioVersion = 15.0.26124.0
MinimumVisualStudioVersion = 15.0.26124.0
Project("{9A19103F-16F7-4668-BE54-9A1E7A4F7556}") = "Uploader.Core", "Uploader.Core\Uploader.Core.csproj", "{0F299D35-AF53-45CB-95FC-3F624A6EF7B0}"
EndProject
Project("{9A19103F-16F7-4668-BE54-9A1E7A4F7556}") = "Uploader.Web", "Uploader.Web\Uploader.Web.csproj", "{4DD8B942-EE1F-40D1-93F6-C7B9D809851C}"
EndProject
Global
	GlobalSection(SolutionConfigurationPlatforms) = preSolution
		Debug|Any CPU = Debug|Any CPU
		Debug|x64 = Debug|x64
		Debug|x86 = Debug|x86
		Release|Any CPU = Release|Any CPU
		Release|x64 = Release|x64
		Release|x86 = Release|x86
	EndGlobalSection
	GlobalSection(ProjectConfigurationPlatforms) = postSolution
		{0F299D35-AF53-45CB-95FC-3F624A6EF7B0}.Debug|Any CPU.ActiveCfg = Debug|Any CPU
		{0F299D35-AF53-45CB-95FC-3F624A6EF7B0}.Debug|Any CPU.Build.0 = Debug|Any CPU
		{0F299D35-AF53-45CB-95FC-3F624A6EF7B0}.Debug|x64.ActiveCfg = Debug|Any CPU
		{0F299D35-AF53-45CB-95FC-3F624A6EF7B0}.Debug|x64.Build.0 = Debug|Any CPU
		{0F299D35-AF53-45CB-95FC-3F624A6EF7B0}.Debug|x86.ActiveCfg = Debug|Any CPU
		{0F299D35-AF53-45CB-95FC-3F624A6EF7B0}.Debug|x86.Build.0 = Debug|Any CPU
		{0F299D35-AF53-45CB-95FC-3F624A6EF7B0}.Release|Any CPU.ActiveCfg = Release|Any CPU
		{0F299D35-AF53-45CB-95FC-3F624A6EF7B0}.Release|Any CPU.Build.0 = Release|Any CPU
		{0F299D35-AF53-45CB-95FC-3F624A6EF7B0}.Release|x64.ActiveCfg = Release|Any CPU
		{0F299D35-AF53-45CB-95FC-3F624A6EF7B0}.Release|x64.Build.0 = Release|Any CPU
		{0F299D35-AF53-45CB-95FC-3F624A6EF7B0}.Release|x86.ActiveCfg = Release|Any CPU
		{0F299D35-AF53-45CB-95FC-3F624A6EF7B0}.Release|x86.Build.0 = Release|Any CPU
		{4DD8B942-EE1F-40D1-93F6-C7B9D809851C}.Debug|Any CPU.ActiveCfg = Debug|Any CPU
		{4DD8B942-EE1F-40D1-93F6-C7B9D809851C}.Debug|Any CPU.Build.0 = Debug|Any CPU
		{4DD8B942-EE1F-40D1-93F6-C7B9D809851C}.Debug|x64.ActiveCfg = Debug|Any CPU
		{4DD8B942-EE1F-40D1-93F6-C7B9D809851C}.Debug|x64.Build.0 = Debug|Any CPU
		{4DD8B942-EE1F-40D1-93F6-C7B9D809851C}.Debug|x86.ActiveCfg = Debug|Any CPU
		{4DD8B942-EE1F-40D1-93F6-C7B9D809851C}.Debug|x86.Build.0 = Debug|Any CPU
		{4DD8B942-EE1F-40D1-93F6-C7B9D809851C}.Release|Any CPU.ActiveCfg = Release|Any CPU
		{4DD8B942-EE1F-40D1-93F6-C7B9D809851C}.Release|Any CPU.Build.0 = Release|Any CPU
		{4DD8B942-EE1F-40D1-93F6-C7B9D809851C}.Release|x64.ActiveCfg = Release|Any CPU
		{4DD8B942-EE1F-40D1-93F6-C7B9D809851C}.Release|x64.Build.0 = Release|Any CPU
		{4DD8B942-EE1F-40D1-93F6-C7B9D809851C}.Release|x86.ActiveCfg = Release|Any CPU
		{4DD8B942-EE1F-40D1-93F6-C7B9D809851C}.Release|x86.Build.0 = Release|Any CPU
	EndGlobalSection
	GlobalSection(SolutionProperties) = preSolution
		HideSolutionNode = FALSE
	EndGlobalSection
	GlobalSection(ExtensibilityGlobals) = postSolution
		SolutionGuid = {C19BA7CC-2E5B-44C3-89A0-BBDB7B466235}
	EndGlobalSection
EndGlobal
